
Microsoft Visual Studio Solution File, Format Version 12.00
Project("{FAE04EC0-301F-11D3-BF4B-00C04F79EFBC}") = "TestTask.SquareCalculator", "TestTask.SquareCalculator\TestTask.SquareCalculator.csproj", "{7CB6DEB2-6F71-4D13-8682-EC8EB74124B1}"
EndProject
Project("{FAE04EC0-301F-11D3-BF4B-00C04F79EFBC}") = "TestTask.SqureCalculator.Tests", "TestTask.SqureCalculator.Tests\TestTask.SqureCalculator.Tests.csproj", "{AE58E1D6-D0C9-4744-BC31-E301A61BB4F1}"
EndProject
Global
	GlobalSection(SolutionConfigurationPlatforms) = preSolution
		Debug|Any CPU = Debug|Any CPU
		Release|Any CPU = Release|Any CPU
	EndGlobalSection
	GlobalSection(ProjectConfigurationPlatforms) = postSolution
		{7CB6DEB2-6F71-4D13-8682-EC8EB74124B1}.Debug|Any CPU.ActiveCfg = Debug|Any CPU
		{7CB6DEB2-6F71-4D13-8682-EC8EB74124B1}.Debug|Any CPU.Build.0 = Debug|Any CPU
		{7CB6DEB2-6F71-4D13-8682-EC8EB74124B1}.Release|Any CPU.ActiveCfg = Release|Any CPU
		{7CB6DEB2-6F71-4D13-8682-EC8EB74124B1}.Release|Any CPU.Build.0 = Release|Any CPU
		{AE58E1D6-D0C9-4744-BC31-E301A61BB4F1}.Debug|Any CPU.ActiveCfg = Debug|Any CPU
		{AE58E1D6-D0C9-4744-BC31-E301A61BB4F1}.Debug|Any CPU.Build.0 = Debug|Any CPU
		{AE58E1D6-D0C9-4744-BC31-E301A61BB4F1}.Release|Any CPU.ActiveCfg = Release|Any CPU
		{AE58E1D6-D0C9-4744-BC31-E301A61BB4F1}.Release|Any CPU.Build.0 = Release|Any CPU
	EndGlobalSection
EndGlobal
